# This file is autogenerated, do not edit; changes may be undone by the next 'dep ensure'.


[[projects]]
  branch = "master"
  digest = "1:2c01e05304115494a8ca2f0c0b9d0384c3dc5115627a2f5864e440201cffebb3"
  name = "github.com/0xAX/notificator"
  packages = ["."]
  pruneopts = ""
  revision = "88d57ee9043ba88d6a62e437fa15dda1ca0d2b59"

[[projects]]
  digest = "1:e4b30804a381d7603b8a344009987c1ba351c26043501b23b8c7ce21f0b67474"
  name = "github.com/BurntSushi/toml"
  packages = ["."]
  pruneopts = ""
  revision = "3012a1dbe2e4bd1391d42b32f0577cb7bbc7f005"
  version = "v0.3.1"

[[projects]]
  digest = "1:ef15b38e9e9fecba7ae3e6e11d9a662f2c147acc25369d1b458d874f8cee17b1"
  name = "github.com/chzyer/readline"
  packages = ["."]
  pruneopts = ""
  revision = "62c6fe6193755f722b8b8788aa7357be55a50ff1"
  version = "v1.4"

[[projects]]
  branch = "master"
  digest = "1:860e1118ccf3d852a848b510624521344c0d4d0f35026ae2438fa96a0ec28740"
  name = "github.com/jessevdk/go-assets"
  packages = ["."]
  pruneopts = ""
  revision = "4f4301a06e153ff90e17793577ab6bf79f8dc5c5"

[[projects]]
  branch = "master"
  digest = "1:5f16719ece7647959098ef25f5f93f23cba9f6c865b3945aacea1fece07c44fa"
  name = "github.com/jinzhu/now"
  packages = ["."]
  pruneopts = ""
  revision = "ed742868f2aebdb1c0c437bf4f7257f88834b66f"

[[projects]]
  branch = "master"
  digest = "1:03741060d1d188ddb52687e96408e14506de1ed2725cca780cfaa31de1723542"
  name = "github.com/jmoiron/sqlx"
  packages = [
    ".",
    "reflectx",
  ]
  pruneopts = ""
  revision = "3a411660be52b3236199fbfe1919f515cfc1ca32"

[[projects]]
  digest = "1:82b912465c1da0668582a7d1117339c278e786c2536b3c3623029a0c7141c2d0"
  name = "github.com/mattn/go-runewidth"
  packages = ["."]
  pruneopts = ""
  revision = "ce7b0b5c7b45a81508558cd1dba6bb1e4ddb51bb"
  version = "v0.0.3"

[[projects]]
  digest = "1:bc03901fc8f0965ccba8bc453eae21a9b04f95999eab664c7de6dc7290f4e8f4"
  name = "github.com/mattn/go-sqlite3"
  packages = ["."]
  pruneopts = ""
  revision = "25ecb14adfc7543176f7d85291ec7dba82c6f7e4"
  version = "v1.9.0"

[[projects]]
  branch = "master"
  digest = "1:171c1337a8ad95624633b9a66fe318b4a1de286440c7efccdc21c86c773674ad"
  name = "github.com/olekukonko/tablewriter"
  packages = ["."]
  pruneopts = ""
  revision = "be2c049b30ccd4d3fd795d6bf7dce74e42eeedaa"

[[projects]]
  branch = "master"
  digest = "1:95d01a1ea00b21e6bf6a5f930234d66c8dfab9863f769ee05a26e11a3bb95640"
  name = "github.com/y-yagi/configure"
  packages = ["."]
  pruneopts = ""
  revision = "8f74636cf48546775e2055ebf206ee5d6829388a"

[[projects]]
  digest = "1:d73ea03ae2f091efb6c47352c11b0387e802568cd8e18f60f97ca344c7dceb53"
  name = "github.com/y-yagi/goext"
  packages = [
    "osext",
    "strext",
  ]
  pruneopts = ""
  revision = "803eb1288876e2e25101b2144a23895c5264758d"
  version = "v0.1.0"

[solve-meta]
  analyzer-name = "dep"
  analyzer-version = 1
  input-imports = [
    "github.com/0xAX/notificator",
    "github.com/chzyer/readline",
    "github.com/jessevdk/go-assets",
    "github.com/jinzhu/now",
    "github.com/jmoiron/sqlx",
    "github.com/mattn/go-sqlite3",
    "github.com/olekukonko/tablewriter",
    "github.com/y-yagi/configure",
    "github.com/y-yagi/goext/osext",
    "github.com/y-yagi/goext/strext",
  ]
  solver-name = "gps-cdcl"
  solver-version = 1
