# This file is autogenerated, do not edit; changes may be undone by the next 'dep ensure'.


[[projects]]
  branch = "master"
  digest = "1:1497e076791fd52385aeec859160ce247918f6e74fa660d597bc2bc8830b200b"
  name = "github.com/0xAX/notificator"
  packages = ["."]
  pruneopts = ""
  revision = "d81462e38c2145023f9ecf5414fc84d45d5bfe82"

[[projects]]
  digest = "1:e4b30804a381d7603b8a344009987c1ba351c26043501b23b8c7ce21f0b67474"
  name = "github.com/BurntSushi/toml"
  packages = ["."]
  pruneopts = ""
  revision = "3012a1dbe2e4bd1391d42b32f0577cb7bbc7f005"
  version = "v0.3.1"

[[projects]]
  digest = "1:ef15b38e9e9fecba7ae3e6e11d9a662f2c147acc25369d1b458d874f8cee17b1"
  name = "github.com/chzyer/readline"
  packages = ["."]
  pruneopts = ""
  revision = "62c6fe6193755f722b8b8788aa7357be55a50ff1"
  version = "v1.4"

[[projects]]
  branch = "master"
  digest = "1:860e1118ccf3d852a848b510624521344c0d4d0f35026ae2438fa96a0ec28740"
  name = "github.com/jessevdk/go-assets"
  packages = ["."]
  pruneopts = ""
  revision = "4f4301a06e153ff90e17793577ab6bf79f8dc5c5"

[[projects]]
  branch = "master"
  digest = "1:04e5cc203f3a83d31496622fdc71da869e3f4907e2dc21fbe39c2e86a0f7245b"
  name = "github.com/jinzhu/now"
  packages = ["."]
  pruneopts = ""
  revision = "8ec929ed50c3ac25ce77ba4486e1f277c552c591"

[[projects]]
  branch = "master"
  digest = "1:f362b0ba1a617ddf4de0c10c0b4c43064ec52fd4e2f44851ec473a0d2644d23e"
  name = "github.com/jmoiron/sqlx"
  packages = [
    ".",
    "reflectx",
  ]
  pruneopts = ""
  revision = "82935fac6c1a317907c8f43ed3f7f85ea844a78b"

[[projects]]
  digest = "1:82b912465c1da0668582a7d1117339c278e786c2536b3c3623029a0c7141c2d0"
  name = "github.com/mattn/go-runewidth"
  packages = ["."]
  pruneopts = ""
  revision = "ce7b0b5c7b45a81508558cd1dba6bb1e4ddb51bb"
  version = "v0.0.3"

[[projects]]
  digest = "1:8bbdb2b3dce59271877770d6fe7dcbb8362438fa7d2e1e1f688e4bf2aac72706"
  name = "github.com/mattn/go-sqlite3"
  packages = ["."]
  pruneopts = ""
  revision = "c7c4067b79cc51e6dfdcef5c702e74b1e0fa7c75"
  version = "v1.10.0"

[[projects]]
  branch = "master"
  digest = "1:28a9131d18ac1b8761f41370e59b7e807148bbd24a926816233522fb64e593bf"
  name = "github.com/olekukonko/tablewriter"
  packages = ["."]
  pruneopts = ""
  revision = "e6d60cf7ba1f42d86d54cdf5508611c4aafb3970"

[[projects]]
  branch = "master"
  digest = "1:95d01a1ea00b21e6bf6a5f930234d66c8dfab9863f769ee05a26e11a3bb95640"
  name = "github.com/y-yagi/configure"
  packages = ["."]
  pruneopts = ""
  revision = "8f74636cf48546775e2055ebf206ee5d6829388a"

[[projects]]
  digest = "1:d73ea03ae2f091efb6c47352c11b0387e802568cd8e18f60f97ca344c7dceb53"
  name = "github.com/y-yagi/goext"
  packages = [
    "osext",
    "strext",
  ]
  pruneopts = ""
  revision = "803eb1288876e2e25101b2144a23895c5264758d"
  version = "v0.1.0"

[solve-meta]
  analyzer-name = "dep"
  analyzer-version = 1
  input-imports = [
    "github.com/0xAX/notificator",
    "github.com/chzyer/readline",
    "github.com/jessevdk/go-assets",
    "github.com/jinzhu/now",
    "github.com/jmoiron/sqlx",
    "github.com/mattn/go-sqlite3",
    "github.com/olekukonko/tablewriter",
    "github.com/y-yagi/configure",
    "github.com/y-yagi/goext/osext",
    "github.com/y-yagi/goext/strext",
  ]
  solver-name = "gps-cdcl"
  solver-version = 1
